
Microsoft Visual Studio Solution File, Format Version 12.00
# Visual Studio Version 16
VisualStudioVersion = 16.0.30517.126
MinimumVisualStudioVersion = 10.0.40219.1
Project("{FAE04EC0-301F-11D3-BF4B-00C04F79EFBC}") = "EmmaSubString", "EmmaSubString\EmmaSubString.csproj", "{1A6B1153-6635-4916-936B-9EB3470529EB}"
EndProject
Global
	GlobalSection(SolutionConfigurationPlatforms) = preSolution
		Debug|Any CPU = Debug|Any CPU
		Release|Any CPU = Release|Any CPU
	EndGlobalSection
	GlobalSection(ProjectConfigurationPlatforms) = postSolution
		{1A6B1153-6635-4916-936B-9EB3470529EB}.Debug|Any CPU.ActiveCfg = Debug|Any CPU
		{1A6B1153-6635-4916-936B-9EB3470529EB}.Debug|Any CPU.Build.0 = Debug|Any CPU
		{1A6B1153-6635-4916-936B-9EB3470529EB}.Release|Any CPU.ActiveCfg = Release|Any CPU
		{1A6B1153-6635-4916-936B-9EB3470529EB}.Release|Any CPU.Build.0 = Release|Any CPU
	EndGlobalSection
	GlobalSection(SolutionProperties) = preSolution
		HideSolutionNode = FALSE
	EndGlobalSection
	GlobalSection(ExtensibilityGlobals) = postSolution
		SolutionGuid = {EFC363F3-0558-4B55-BFF9-1A8A09C125AD}
	EndGlobalSection
EndGlobal
